// !$*UTF8*$!
{
	archiveVersion = 1;
	classes = {
	};
	objectVersion = 46;
	objects = {

/* Begin PBXBuildFile section */
		588ED6791C47D293009421C5 /* main.m in Sources */ = {isa = PBXBuildFile; fileRef = 588ED6781C47D293009421C5 /* main.m */; };
		588ED67C1C47D293009421C5 /* AppDelegate.m in Sources */ = {isa = PBXBuildFile; fileRef = 588ED67B1C47D293009421C5 /* AppDelegate.m */; };
		588ED67F1C47D293009421C5 /* ViewController.m in Sources */ = {isa = PBXBuildFile; fileRef = 588ED67E1C47D293009421C5 /* ViewController.m */; };
		588ED6821C47D293009421C5 /* Main.storyboard in Resources */ = {isa = PBXBuildFile; fileRef = 588ED6801C47D293009421C5 /* Main.storyboard */; };
		588ED6841C47D293009421C5 /* Images.xcassets in Resources */ = {isa = PBXBuildFile; fileRef = 588ED6831C47D293009421C5 /* Images.xcassets */; };
		588ED6871C47D293009421C5 /* LaunchScreen.xib in Resources */ = {isa = PBXBuildFile; fileRef = 588ED6851C47D293009421C5 /* LaunchScreen.xib */; };
		588ED6931C47D293009421C5 /* Sample_TabBarControllerTests.m in Sources */ = {isa = PBXBuildFile; fileRef = 588ED6921C47D293009421C5 /* Sample_TabBarControllerTests.m */; };
		58AD00E01C4C9F8100D95F28 /* FirstViewController.m in Sources */ = {isa = PBXBuildFile; fileRef = 58AD00DF1C4C9F8100D95F28 /* FirstViewController.m */; };
		58AD00E31C4C9F8E00D95F28 /* SecondViewController.m in Sources */ = {isa = PBXBuildFile; fileRef = 58AD00E21C4C9F8E00D95F28 /* SecondViewController.m */; };
		58AD00E61C4C9F9F00D95F28 /* ThirdViewController.m in Sources */ = {isa = PBXBuildFile; fileRef = 58AD00E51C4C9F9F00D95F28 /* ThirdViewController.m */; };
		58AD00E91C4C9FBA00D95F28 /* FourthViewController.m in Sources */ = {isa = PBXBuildFile; fileRef = 58AD00E81C4C9FBA00D95F28 /* FourthViewController.m */; };
		58AD00EB1C4CA65A00D95F28 /* home.png in Resources */ = {isa = PBXBuildFile; fileRef = 58AD00EA1C4CA65A00D95F28 /* home.png */; };
		58AD00ED1C4CA68900D95F28 /* ic_menu_home.png in Resources */ = {isa = PBXBuildFile; fileRef = 58AD00EC1C4CA68900D95F28 /* ic_menu_home.png */; };
		58AD00EF1C4CA6BE00D95F28 /* profile.png in Resources */ = {isa = PBXBuildFile; fileRef = 58AD00EE1C4CA6BE00D95F28 /* profile.png */; };
		58AD00F11C4CA70400D95F28 /* Message.png in Resources */ = {isa = PBXBuildFile; fileRef = 58AD00F01C4CA70400D95F28 /* Message.png */; };
		58AD00F51C4CAD0600D95F28 /* settings.png in Resources */ = {isa = PBXBuildFile; fileRef = 58AD00F41C4CAD0600D95F28 /* settings.png */; };
		58AD00F71C4CBCA200D95F28 /* button.png in Resources */ = {isa = PBXBuildFile; fileRef = 58AD00F61C4CBCA200D95F28 /* button.png */; };
		58AD00F91C4CBE3500D95F28 /* but_bg.png in Resources */ = {isa = PBXBuildFile; fileRef = 58AD00F81C4CBE3500D95F28 /* but_bg.png */; };
/* End PBXBuildFile section */

/* Begin PBXContainerItemProxy section */
		588ED68D1C47D293009421C5 /* PBXContainerItemProxy */ = {
			isa = PBXContainerItemProxy;
			containerPortal = 588ED66B1C47D293009421C5 /* Project object */;
			proxyType = 1;
			remoteGlobalIDString = 588ED6721C47D293009421C5;
			remoteInfo = Sample_TabBarController;
		};
/* End PBXContainerItemProxy section */

/* Begin PBXFileReference section */
		588ED6731C47D293009421C5 /* Sample_TabBarController.app */ = {isa = PBXFileReference; explicitFileType = wrapper.application; includeInIndex = 0; path = Sample_TabBarController.app; sourceTree = BUILT_PRODUCTS_DIR; };
		588ED6771C47D293009421C5 /* Info.plist */ = {isa = PBXFileReference; lastKnownFileType = text.plist.xml; path = Info.plist; sourceTree = "<group>"; };
		588ED6781C47D293009421C5 /* main.m */ = {isa = PBXFileReference; lastKnownFileType = sourcecode.c.objc; path = main.m; sourceTree = "<group>"; };
		588ED67A1C47D293009421C5 /* AppDelegate.h */ = {isa = PBXFileReference; lastKnownFileType = sourcecode.c.h; path = AppDelegate.h; sourceTree = "<group>"; };
		588ED67B1C47D293009421C5 /* AppDelegate.m */ = {isa = PBXFileReference; lastKnownFileType = sourcecode.c.objc; path = AppDelegate.m; sourceTree = "<group>"; };
		588ED67D1C47D293009421C5 /* ViewController.h */ = {isa = PBXFileReference; lastKnownFileType = sourcecode.c.h; path = ViewController.h; sourceTree = "<group>"; };
		588ED67E1C47D293009421C5 /* ViewController.m */ = {isa = PBXFileReference; lastKnownFileType = sourcecode.c.objc; path = ViewController.m; sourceTree = "<group>"; };
		588ED6811C47D293009421C5 /* Base */ = {isa = PBXFileReference; lastKnownFileType = file.storyboard; name = Base; path = Base.lproj/Main.storyboard; sourceTree = "<group>"; };
		588ED6831C47D293009421C5 /* Images.xcassets */ = {isa = PBXFileReference; lastKnownFileType = folder.assetcatalog; path = Images.xcassets; sourceTree = "<group>"; };
		588ED6861C47D293009421C5 /* Base */ = {isa = PBXFileReference; lastKnownFileType = file.xib; name = Base; path = Base.lproj/LaunchScreen.xib; sourceTree = "<group>"; };
		588ED68C1C47D293009421C5 /* Sample_TabBarControllerTests.xctest */ = {isa = PBXFileReference; explicitFileType = wrapper.cfbundle; includeInIndex = 0; path = Sample_TabBarControllerTests.xctest; sourceTree = BUILT_PRODUCTS_DIR; };
		588ED6911C47D293009421C5 /* Info.plist */ = {isa = PBXFileReference; lastKnownFileType = text.plist.xml; path = Info.plist; sourceTree = "<group>"; };
		588ED6921C47D293009421C5 /* Sample_TabBarControllerTests.m */ = {isa = PBXFileReference; lastKnownFileType = sourcecode.c.objc; path = Sample_TabBarControllerTests.m; sourceTree = "<group>"; };
		58AD00DE1C4C9F8100D95F28 /* FirstViewController.h */ = {isa = PBXFileReference; fileEncoding = 4; lastKnownFileType = sourcecode.c.h; path = FirstViewController.h; sourceTree = "<group>"; };
		58AD00DF1C4C9F8100D95F28 /* FirstViewController.m */ = {isa = PBXFileReference; fileEncoding = 4; lastKnownFileType = sourcecode.c.objc; path = FirstViewController.m; sourceTree = "<group>"; };
		58AD00E11C4C9F8E00D95F28 /* SecondViewController.h */ = {isa = PBXFileReference; fileEncoding = 4; lastKnownFileType = sourcecode.c.h; path = SecondViewController.h; sourceTree = "<group>"; };
		58AD00E21C4C9F8E00D95F28 /* SecondViewController.m */ = {isa = PBXFileReference; fileEncoding = 4; lastKnownFileType = sourcecode.c.objc; path = SecondViewController.m; sourceTree = "<group>"; };
		58AD00E41C4C9F9F00D95F28 /* ThirdViewController.h */ = {isa = PBXFileReference; fileEncoding = 4; lastKnownFileType = sourcecode.c.h; path = ThirdViewController.h; sourceTree = "<group>"; };
		58AD00E51C4C9F9F00D95F28 /* ThirdViewController.m */ = {isa = PBXFileReference; fileEncoding = 4; lastKnownFileType = sourcecode.c.objc; path = ThirdViewController.m; sourceTree = "<group>"; };
		58AD00E71C4C9FBA00D95F28 /* FourthViewController.h */ = {isa = PBXFileReference; fileEncoding = 4; lastKnownFileType = sourcecode.c.h; path = FourthViewController.h; sourceTree = "<group>"; };
		58AD00E81C4C9FBA00D95F28 /* FourthViewController.m */ = {isa = PBXFileReference; fileEncoding = 4; lastKnownFileType = sourcecode.c.objc; path = FourthViewController.m; sourceTree = "<group>"; };
		58AD00EA1C4CA65A00D95F28 /* home.png */ = {isa = PBXFileReference; lastKnownFileType = image.png; path = home.png; sourceTree = "<group>"; };
		58AD00EC1C4CA68900D95F28 /* ic_menu_home.png */ = {isa = PBXFileReference; lastKnownFileType = image.png; path = ic_menu_home.png; sourceTree = "<group>"; };
		58AD00EE1C4CA6BE00D95F28 /* profile.png */ = {isa = PBXFileReference; lastKnownFileType = image.png; path = profile.png; sourceTree = "<group>"; };
		58AD00F01C4CA70400D95F28 /* Message.png */ = {isa = PBXFileReference; lastKnownFileType = image.png; path = Message.png; sourceTree = "<group>"; };
		58AD00F41C4CAD0600D95F28 /* settings.png */ = {isa = PBXFileReference; lastKnownFileType = image.png; path = settings.png; sourceTree = "<group>"; };
		58AD00F61C4CBCA200D95F28 /* button.png */ = {isa = PBXFileReference; lastKnownFileType = image.png; path = button.png; sourceTree = "<group>"; };
		58AD00F81C4CBE3500D95F28 /* but_bg.png */ = {isa = PBXFileReference; lastKnownFileType = image.png; path = but_bg.png; sourceTree = "<group>"; };
/* End PBXFileReference section */

/* Begin PBXFrameworksBuildPhase section */
		588ED6701C47D293009421C5 /* Frameworks */ = {
			isa = PBXFrameworksBuildPhase;
			buildActionMask = 2147483647;
			files = (
			);
			runOnlyForDeploymentPostprocessing = 0;
		};
		588ED6891C47D293009421C5 /* Frameworks */ = {
			isa = PBXFrameworksBuildPhase;
			buildActionMask = 2147483647;
			files = (
			);
			runOnlyForDeploymentPostprocessing = 0;
		};
/* End PBXFrameworksBuildPhase section */

/* Begin PBXGroup section */
		588ED66A1C47D293009421C5 = {
			isa = PBXGroup;
			children = (
				588ED6751C47D293009421C5 /* Sample_TabBarController */,
				588ED68F1C47D293009421C5 /* Sample_TabBarControllerTests */,
				588ED6741C47D293009421C5 /* Products */,
			);
			sourceTree = "<group>";
		};
		588ED6741C47D293009421C5 /* Products */ = {
			isa = PBXGroup;
			children = (
				588ED6731C47D293009421C5 /* Sample_TabBarController.app */,
				588ED68C1C47D293009421C5 /* Sample_TabBarControllerTests.xctest */,
			);
			name = Products;
			sourceTree = "<group>";
		};
		588ED6751C47D293009421C5 /* Sample_TabBarController */ = {
			isa = PBXGroup;
			children = (
				588ED67A1C47D293009421C5 /* AppDelegate.h */,
				588ED67B1C47D293009421C5 /* AppDelegate.m */,
				588ED67D1C47D293009421C5 /* ViewController.h */,
				588ED67E1C47D293009421C5 /* ViewController.m */,
				588ED6801C47D293009421C5 /* Main.storyboard */,
				58AD00DE1C4C9F8100D95F28 /* FirstViewController.h */,
				58AD00DF1C4C9F8100D95F28 /* FirstViewController.m */,
				58AD00E11C4C9F8E00D95F28 /* SecondViewController.h */,
				58AD00E21C4C9F8E00D95F28 /* SecondViewController.m */,
				58AD00E41C4C9F9F00D95F28 /* ThirdViewController.h */,
				58AD00E51C4C9F9F00D95F28 /* ThirdViewController.m */,
				58AD00E71C4C9FBA00D95F28 /* FourthViewController.h */,
				58AD00E81C4C9FBA00D95F28 /* FourthViewController.m */,
				588ED6831C47D293009421C5 /* Images.xcassets */,
				588ED6851C47D293009421C5 /* LaunchScreen.xib */,
				588ED6761C47D293009421C5 /* Supporting Files */,
			);
			path = Sample_TabBarController;
			sourceTree = "<group>";
		};
		588ED6761C47D293009421C5 /* Supporting Files */ = {
			isa = PBXGroup;
			children = (
				58AD00EA1C4CA65A00D95F28 /* home.png */,
				58AD00EC1C4CA68900D95F28 /* ic_menu_home.png */,
				58AD00EE1C4CA6BE00D95F28 /* profile.png */,
				58AD00F01C4CA70400D95F28 /* Message.png */,
				58AD00F41C4CAD0600D95F28 /* settings.png */,
				58AD00F61C4CBCA200D95F28 /* button.png */,
				58AD00F81C4CBE3500D95F28 /* but_bg.png */,
				588ED6771C47D293009421C5 /* Info.plist */,
				588ED6781C47D293009421C5 /* main.m */,
			);
			name = "Supporting Files";
			sourceTree = "<group>";
		};
		588ED68F1C47D293009421C5 /* Sample_TabBarControllerTests */ = {
			isa = PBXGroup;
			children = (
				588ED6921C47D293009421C5 /* Sample_TabBarControllerTests.m */,
				588ED6901C47D293009421C5 /* Supporting Files */,
			);
			path = Sample_TabBarControllerTests;
			sourceTree = "<group>";
		};
		588ED6901C47D293009421C5 /* Supporting Files */ = {
			isa = PBXGroup;
			children = (
				588ED6911C47D293009421C5 /* Info.plist */,
			);
			name = "Supporting Files";
			sourceTree = "<group>";
		};
/* End PBXGroup section */

/* Begin PBXNativeTarget section */
		588ED6721C47D293009421C5 /* Sample_TabBarController */ = {
			isa = PBXNativeTarget;
			buildConfigurationList = 588ED6961C47D293009421C5 /* Build configuration list for PBXNativeTarget "Sample_TabBarController" */;
			buildPhases = (
				588ED66F1C47D293009421C5 /* Sources */,
				588ED6701C47D293009421C5 /* Frameworks */,
				588ED6711C47D293009421C5 /* Resources */,
			);
			buildRules = (
			);
			dependencies = (
			);
			name = Sample_TabBarController;
			productName = Sample_TabBarController;
			productReference = 588ED6731C47D293009421C5 /* Sample_TabBarController.app */;
			productType = "com.apple.product-type.application";
		};
		588ED68B1C47D293009421C5 /* Sample_TabBarControllerTests */ = {
			isa = PBXNativeTarget;
			buildConfigurationList = 588ED6991C47D293009421C5 /* Build configuration list for PBXNativeTarget "Sample_TabBarControllerTests" */;
			buildPhases = (
				588ED6881C47D293009421C5 /* Sources */,
				588ED6891C47D293009421C5 /* Frameworks */,
				588ED68A1C47D293009421C5 /* Resources */,
			);
			buildRules = (
			);
			dependencies = (
				588ED68E1C47D293009421C5 /* PBXTargetDependency */,
			);
			name = Sample_TabBarControllerTests;
			productName = Sample_TabBarControllerTests;
			productReference = 588ED68C1C47D293009421C5 /* Sample_TabBarControllerTests.xctest */;
			productType = "com.apple.product-type.bundle.unit-test";
		};
/* End PBXNativeTarget section */

/* Begin PBXProject section */
		588ED66B1C47D293009421C5 /* Project object */ = {
			isa = PBXProject;
			attributes = {
				LastUpgradeCheck = 0640;
				ORGANIZATIONNAME = Maple;
				TargetAttributes = {
					588ED6721C47D293009421C5 = {
						CreatedOnToolsVersion = 6.4;
					};
					588ED68B1C47D293009421C5 = {
						CreatedOnToolsVersion = 6.4;
						TestTargetID = 588ED6721C47D293009421C5;
					};
				};
			};
			buildConfigurationList = 588ED66E1C47D293009421C5 /* Build configuration list for PBXProject "Sample_TabBarController" */;
			compatibilityVersion = "Xcode 3.2";
			developmentRegion = English;
			hasScannedForEncodings = 0;
			knownRegions = (
				en,
				Base,
			);
			mainGroup = 588ED66A1C47D293009421C5;
			productRefGroup = 588ED6741C47D293009421C5 /* Products */;
			projectDirPath = "";
			projectRoot = "";
			targets = (
				588ED6721C47D293009421C5 /* Sample_TabBarController */,
				588ED68B1C47D293009421C5 /* Sample_TabBarControllerTests */,
			);
		};
/* End PBXProject section */

/* Begin PBXResourcesBuildPhase section */
		588ED6711C47D293009421C5 /* Resources */ = {
			isa = PBXResourcesBuildPhase;
			buildActionMask = 2147483647;
			files = (
				58AD00F51C4CAD0600D95F28 /* settings.png in Resources */,
				58AD00EB1C4CA65A00D95F28 /* home.png in Resources */,
				58AD00EF1C4CA6BE00D95F28 /* profile.png in Resources */,
				588ED6821C47D293009421C5 /* Main.storyboard in Resources */,
				588ED6871C47D293009421C5 /* LaunchScreen.xib in Resources */,
				58AD00ED1C4CA68900D95F28 /* ic_menu_home.png in Resources */,
				58AD00F91C4CBE3500D95F28 /* but_bg.png in Resources */,
				58AD00F11C4CA70400D95F28 /* Message.png in Resources */,
				58AD00F71C4CBCA200D95F28 /* button.png in Resources */,
				588ED6841C47D293009421C5 /* Images.xcassets in Resources */,
			);
			runOnlyForDeploymentPostprocessing = 0;
		};
		588ED68A1C47D293009421C5 /* Resources */ = {
			isa = PBXResourcesBuildPhase;
			buildActionMask = 2147483647;
			files = (
			);
			runOnlyForDeploymentPostprocessing = 0;
		};
/* End PBXResourcesBuildPhase section */

/* Begin PBXSourcesBuildPhase section */
		588ED66F1C47D293009421C5 /* Sources */ = {
			isa = PBXSourcesBuildPhase;
			buildActionMask = 2147483647;
			files = (
				58AD00E31C4C9F8E00D95F28 /* SecondViewController.m in Sources */,
				588ED67F1C47D293009421C5 /* ViewController.m in Sources */,
				58AD00E61C4C9F9F00D95F28 /* ThirdViewController.m in Sources */,
				588ED67C1C47D293009421C5 /* AppDelegate.m in Sources */,
				588ED6791C47D293009421C5 /* main.m in Sources */,
				58AD00E91C4C9FBA00D95F28 /* FourthViewController.m in Sources */,
				58AD00E01C4C9F8100D95F28 /* FirstViewController.m in Sources */,
			);
			runOnlyForDeploymentPostprocessing = 0;
		};
		588ED6881C47D293009421C5 /* Sources */ = {
			isa = PBXSourcesBuildPhase;
			buildActionMask = 2147483647;
			files = (
				588ED6931C47D293009421C5 /* Sample_TabBarControllerTests.m in Sources */,
			);
			runOnlyForDeploymentPostprocessing = 0;
		};
/* End PBXSourcesBuildPhase section */

/* Begin PBXTargetDependency section */
		588ED68E1C47D293009421C5 /* PBXTargetDependency */ = {
			isa = PBXTargetDependency;
			target = 588ED6721C47D293009421C5 /* Sample_TabBarController */;
			targetProxy = 588ED68D1C47D293009421C5 /* PBXContainerItemProxy */;
		};
/* End PBXTargetDependency section */

/* Begin PBXVariantGroup section */
		588ED6801C47D293009421C5 /* Main.storyboard */ = {
			isa = PBXVariantGroup;
			children = (
				588ED6811C47D293009421C5 /* Base */,
			);
			name = Main.storyboard;
			sourceTree = "<group>";
		};
		588ED6851C47D293009421C5 /* LaunchScreen.xib */ = {
			isa = PBXVariantGroup;
			children = (
				588ED6861C47D293009421C5 /* Base */,
			);
			name = LaunchScreen.xib;
			sourceTree = "<group>";
		};
/* End PBXVariantGroup section */

/* Begin XCBuildConfiguration section */
		588ED6941C47D293009421C5 /* Debug */ = {
			isa = XCBuildConfiguration;
			buildSettings = {
				ALWAYS_SEARCH_USER_PATHS = NO;
				CLANG_CXX_LANGUAGE_STANDARD = "gnu++0x";
				CLANG_CXX_LIBRARY = "libc++";
				CLANG_ENABLE_MODULES = YES;
				CLANG_ENABLE_OBJC_ARC = YES;
				CLANG_WARN_BOOL_CONVERSION = YES;
				CLANG_WARN_CONSTANT_CONVERSION = YES;
				CLANG_WARN_DIRECT_OBJC_ISA_USAGE = YES_ERROR;
				CLANG_WARN_EMPTY_BODY = YES;
				CLANG_WARN_ENUM_CONVERSION = YES;
				CLANG_WARN_INT_CONVERSION = YES;
				CLANG_WARN_OBJC_ROOT_CLASS = YES_ERROR;
				CLANG_WARN_UNREACHABLE_CODE = YES;
				CLANG_WARN__DUPLICATE_METHOD_MATCH = YES;
				"CODE_SIGN_IDENTITY[sdk=iphoneos*]" = "iPhone Developer";
				COPY_PHASE_STRIP = NO;
				DEBUG_INFORMATION_FORMAT = "dwarf-with-dsym";
				ENABLE_STRICT_OBJC_MSGSEND = YES;
				GCC_C_LANGUAGE_STANDARD = gnu99;
				GCC_DYNAMIC_NO_PIC = NO;
				GCC_NO_COMMON_BLOCKS = YES;
				GCC_OPTIMIZATION_LEVEL = 0;
				GCC_PREPROCESSOR_DEFINITIONS = (
					"DEBUG=1",
					"$(inherited)",
				);
				GCC_SYMBOLS_PRIVATE_EXTERN = NO;
				GCC_WARN_64_TO_32_BIT_CONVERSION = YES;
				GCC_WARN_ABOUT_RETURN_TYPE = YES_ERROR;
				GCC_WARN_UNDECLARED_SELECTOR = YES;
				GCC_WARN_UNINITIALIZED_AUTOS = YES_AGGRESSIVE;
				GCC_WARN_UNUSED_FUNCTION = YES;
				GCC_WARN_UNUSED_VARIABLE = YES;
				IPHONEOS_DEPLOYMENT_TARGET = 8.4;
				MTL_ENABLE_DEBUG_INFO = YES;
				ONLY_ACTIVE_ARCH = YES;
				SDKROOT = iphoneos;
			};
			name = Debug;
		};
		588ED6951C47D293009421C5 /* Release */ = {
			isa = XCBuildConfiguration;
			buildSettings = {
				ALWAYS_SEARCH_USER_PATHS = NO;
				CLANG_CXX_LANGUAGE_STANDARD = "gnu++0x";
				CLANG_CXX_LIBRARY = "libc++";
				CLANG_ENABLE_MODULES = YES;
				CLANG_ENABLE_OBJC_ARC = YES;
				CLANG_WARN_BOOL_CONVERSION = YES;
				CLANG_WARN_CONSTANT_CONVERSION = YES;
				CLANG_WARN_DIRECT_OBJC_ISA_USAGE = YES_ERROR;
				CLANG_WARN_EMPTY_BODY = YES;
				CLANG_WARN_ENUM_CONVERSION = YES;
				CLANG_WARN_INT_CONVERSION = YES;
				CLANG_WARN_OBJC_ROOT_CLASS = YES_ERROR;
				CLANG_WARN_UNREACHABLE_CODE = YES;
				CLANG_WARN__DUPLICATE_METHOD_MATCH = YES;
				"CODE_SIGN_IDENTITY[sdk=iphoneos*]" = "iPhone Developer";
				COPY_PHASE_STRIP = NO;
				DEBUG_INFORMATION_FORMAT = "dwarf-with-dsym";
				ENABLE_NS_ASSERTIONS = NO;
				ENABLE_STRICT_OBJC_MSGSEND = YES;
				GCC_C_LANGUAGE_STANDARD = gnu99;
				GCC_NO_COMMON_BLOCKS = YES;
				GCC_WARN_64_TO_32_BIT_CONVERSION = YES;
				GCC_WARN_ABOUT_RETURN_TYPE = YES_ERROR;
				GCC_WARN_UNDECLARED_SELECTOR = YES;
				GCC_WARN_UNINITIALIZED_AUTOS = YES_AGGRESSIVE;
				GCC_WARN_UNUSED_FUNCTION = YES;
				GCC_WARN_UNUSED_VARIABLE = YES;
				IPHONEOS_DEPLOYMENT_TARGET = 8.4;
				MTL_ENABLE_DEBUG_INFO = NO;
				SDKROOT = iphoneos;
				VALIDATE_PRODUCT = YES;
			};
			name = Release;
		};
		588ED6971C47D293009421C5 /* Debug */ = {
			isa = XCBuildConfiguration;
			buildSettings = {
				ASSETCATALOG_COMPILER_APPICON_NAME = AppIcon;
				INFOPLIST_FILE = Sample_TabBarController/Info.plist;
				IPHONEOS_DEPLOYMENT_TARGET = 7.0;
				LD_RUNPATH_SEARCH_PATHS = "$(inherited) @executable_path/Frameworks";
				PRODUCT_NAME = "$(TARGET_NAME)";
			};
			name = Debug;
		};
		588ED6981C47D293009421C5 /* Release */ = {
			isa = XCBuildConfiguration;
			buildSettings = {
				ASSETCATALOG_COMPILER_APPICON_NAME = AppIcon;
				INFOPLIST_FILE = Sample_TabBarController/Info.plist;
				IPHONEOS_DEPLOYMENT_TARGET = 7.0;
				LD_RUNPATH_SEARCH_PATHS = "$(inherited) @executable_path/Frameworks";
				PRODUCT_NAME = "$(TARGET_NAME)";
			};
			name = Release;
		};
		588ED69A1C47D293009421C5 /* Debug */ = {
			isa = XCBuildConfiguration;
			buildSettings = {
				BUNDLE_LOADER = "$(TEST_HOST)";
				FRAMEWORK_SEARCH_PATHS = (
					"$(SDKROOT)/Developer/Library/Frameworks",
					"$(inherited)",
				);
				GCC_PREPROCESSOR_DEFINITIONS = (
					"DEBUG=1",
					"$(inherited)",
				);
				INFOPLIST_FILE = Sample_TabBarControllerTests/Info.plist;
				LD_RUNPATH_SEARCH_PATHS = "$(inherited) @executable_path/Frameworks @loader_path/Frameworks";
				PRODUCT_NAME = "$(TARGET_NAME)";
				TEST_HOST = "$(BUILT_PRODUCTS_DIR)/Sample_TabBarController.app/Sample_TabBarController";
			};
			name = Debug;
		};
		588ED69B1C47D293009421C5 /* Release */ = {
			isa = XCBuildConfiguration;
			buildSettings = {
				BUNDLE_LOADER = "$(TEST_HOST)";
				FRAMEWORK_SEARCH_PATHS = (
					"$(SDKROOT)/Developer/Library/Frameworks",
					"$(inherited)",
				);
				INFOPLIST_FILE = Sample_TabBarControllerTests/Info.plist;
				LD_RUNPATH_SEARCH_PATHS = "$(inherited) @executable_path/Frameworks @loader_path/Frameworks";
				PRODUCT_NAME = "$(TARGET_NAME)";
				TEST_HOST = "$(BUILT_PRODUCTS_DIR)/Sample_TabBarController.app/Sample_TabBarController";
			};
			name = Release;
		};
/* End XCBuildConfiguration section */

/* Begin XCConfigurationList section */
		588ED66E1C47D293009421C5 /* Build configuration list for PBXProject "Sample_TabBarController" */ = {
			isa = XCConfigurationList;
			buildConfigurations = (
				588ED6941C47D293009421C5 /* Debug */,
				588ED6951C47D293009421C5 /* Release */,
			);
			defaultConfigurationIsVisible = 0;
			defaultConfigurationName = Release;
		};
		588ED6961C47D293009421C5 /* Build configuration list for PBXNativeTarget "Sample_TabBarController" */ = {
			isa = XCConfigurationList;
			buildConfigurations = (
				588ED6971C47D293009421C5 /* Debug */,
				588ED6981C47D293009421C5 /* Release */,
			);
			defaultConfigurationIsVisible = 0;
			defaultConfigurationName = Release;
		};
		588ED6991C47D293009421C5 /* Build configuration list for PBXNativeTarget "Sample_TabBarControllerTests" */ = {
			isa = XCConfigurationList;
			buildConfigurations = (
				588ED69A1C47D293009421C5 /* Debug */,
				588ED69B1C47D293009421C5 /* Release */,
			);
			defaultConfigurationIsVisible = 0;
			defaultConfigurationName = Release;
		};
/* End XCConfigurationList section */
	};
	rootObject = 588ED66B1C47D293009421C5 /* Project object */;
}
